<?xml version="1.0" encoding="UTF-8"?>
<Scheme
   LastUpgradeVersion = "1630"
   version = "1.7">
   <BuildAction
      parallelizeBuildables = "YES"
      buildImplicitDependencies = "YES"
      buildArchitectures = "Automatic">
      <BuildActionEntries>
         <BuildActionEntry
            buildForTesting = "YES"
            buildForRunning = "YES"
            buildForProfiling = "YES"
            buildForArchiving = "NO"
            buildForAnalyzing = "YES">
            <BuildableReference
               BuildableIdentifier = "primary"
               BlueprintIdentifier = "8BC2655B2DEDD3F400F279A4"
               BuildableName = "QueryCraft.app"
               BlueprintName = "QueryCraft"
               ReferencedContainer = "container:QueryCraft.xcodeproj">
            </BuildableReference>
         </BuildActionEntry>
      </BuildActionEntries>
   </BuildAction>
   <TestAction
      buildConfiguration = "Debug"
      selectedDebuggerIdentifier = "Xcode.DebuggerFoundation.Debugger.LLDB"
      selectedLauncherIdentifier = "Xcode.DebuggerFoundation.Launcher.LLDB"
      shouldUseLaunchSchemeArgsEnv = "YES">
      <TestPlans>
         <TestPlanReference
            reference = "container:QueryCraft/QueryCraft.xctestplan"
            default = "YES">
         </TestPlanReference>
      </TestPlans>
      <Testables>
         <TestableReference
            skipped = "NO"
            parallelizable = "NO">
            <BuildableReference
               BuildableIdentifier = "primary"
               BlueprintIdentifier = "8BC265732DEDD3F500F279A4"
               BuildableName = "QueryCraft.xctest"
               BlueprintName = "QueryCraftUITests"
               ReferencedContainer = "container:QueryCraft.xcodeproj">
            </BuildableReference>
         </TestableReference>
      </Testables>
   </TestAction>
   <LaunchAction
      buildConfiguration = "Debug"
      selectedDebuggerIdentifier = "Xcode.DebuggerFoundation.Debugger.LLDB"
      selectedLauncherIdentifier = "Xcode.DebuggerFoundation.Launcher.LLDB"
      launchStyle = "0"
      useCustomWorkingDirectory = "NO"
      ignoresPersistentStateOnLaunch = "NO"
      debugDocumentVersioning = "YES"
      debugServiceExtension = "internal"
      allowLocationSimulation = "YES">
      <EnvironmentVariables>
         <EnvironmentVariable
            key = "QUERYCRAFT_ENABLE_LICENSING"
            value = "1"
            isEnabled = "YES">
         </EnvironmentVariable>
         <EnvironmentVariable
            key = "QUERYCRAFT_LICENSE_API_BASE_URL"
            value = "http://127.0.0.1:8787/api/v1/"
            isEnabled = "YES">
         </EnvironmentVariable>
         <EnvironmentVariable
            key = "QUERYCRAFT_LICENSE_PURCHASE_URL"
            value = "http://127.0.0.1:8787/"
            isEnabled = "YES">
         </EnvironmentVariable>
         <EnvironmentVariable
            key = "QUERYCRAFT_LICENSE_PUBLIC_KEY"
            value = "ioLd6mSv/vXpxVJ8ABFg3FWXZiIwTJNIR2LCxsLZmto="
            isEnabled = "YES">
         </EnvironmentVariable>
      </EnvironmentVariables>
      <BuildableProductRunnable
         runnableDebuggingMode = "0">
         <BuildableReference
            BuildableIdentifier = "primary"
            BlueprintIdentifier = "8BC2655B2DEDD3F400F279A4"
            BuildableName = "QueryCraft.app"
            BlueprintName = "QueryCraft"
            ReferencedContainer = "container:QueryCraft.xcodeproj">
         </BuildableReference>
      </BuildableProductRunnable>
   </LaunchAction>
   <ProfileAction
      buildConfiguration = "Release"
      shouldUseLaunchSchemeArgsEnv = "YES"
      savedToolIdentifier = ""
      useCustomWorkingDirectory = "NO"
      debugDocumentVersioning = "YES">
      <BuildableProductRunnable
         runnableDebuggingMode = "0">
         <BuildableReference
            BuildableIdentifier = "primary"
            BlueprintIdentifier = "8BC2655B2DEDD3F400F279A4"
            BuildableName = "QueryCraft.app"
            BlueprintName = "QueryCraft"
            ReferencedContainer = "container:QueryCraft.xcodeproj">
         </BuildableReference>
      </BuildableProductRunnable>
   </ProfileAction>
   <AnalyzeAction
      buildConfiguration = "Debug">
   </AnalyzeAction>
</Scheme>
